// !$*UTF8*$!
{
	archiveVersion = 1;
	classes = {
	};
	objectVersion = 46;
	objects = {

/* Begin PBXBuildFile section */
		FE098FB5161442CD00A98F7B /* SelectGroupViewController.m in Sources */ = {isa = PBXBuildFile; fileRef = FE098FB4161442CD00A98F7B /* SelectGroupViewController.m */; };
		FE098FBA1614497700A98F7B /* BSWeek.m in Sources */ = {isa = PBXBuildFile; fileRef = FE098FB91614497700A98F7B /* BSWeek.m */; };
		FE098FBE1614498F00A98F7B /* BSWeekDay.m in Sources */ = {isa = PBXBuildFile; fileRef = FE098FBD1614498F00A98F7B /* BSWeekDay.m */; };
		FE098FC1161449BD00A98F7B /* BSSubject.m in Sources */ = {isa = PBXBuildFile; fileRef = FE098FC0161449BD00A98F7B /* BSSubject.m */; };
		FE098FC416144F8700A98F7B /* BSModel.m in Sources */ = {isa = PBXBuildFile; fileRef = FE098FC316144F8700A98F7B /* BSModel.m */; };
		FE161CA81614FCFD00D9D440 /* SelectCalendarViewController.m in Sources */ = {isa = PBXBuildFile; fileRef = FE161CA71614FCFD00D9D440 /* SelectCalendarViewController.m */; };
		FE21A2041615E5E30059E4AC /* SelectCalendarCell.m in Sources */ = {isa = PBXBuildFile; fileRef = FE21A2031615E5E30059E4AC /* SelectCalendarCell.m */; };
		FE43D4621616EB830018E931 /* MainScreenViewController.m in Sources */ = {isa = PBXBuildFile; fileRef = FE43D4611616EB830018E931 /* MainScreenViewController.m */; };
		FE43D4A51616FEF20018E931 /* app_icon.png in Resources */ = {isa = PBXBuildFile; fileRef = FE43D4A41616FEF20018E931 /* app_icon.png */; };
		FE43D4A71616FEF60018E931 /* app_icon@2x.png in Resources */ = {isa = PBXBuildFile; fileRef = FE43D4A61616FEF60018E931 /* app_icon@2x.png */; };
		FEA1D4F81610576000B80721 /* UIKit.framework in Frameworks */ = {isa = PBXBuildFile; fileRef = FEA1D4F71610576000B80721 /* UIKit.framework */; };
		FEA1D4FA1610576000B80721 /* Foundation.framework in Frameworks */ = {isa = PBXBuildFile; fileRef = FEA1D4F91610576000B80721 /* Foundation.framework */; };
		FEA1D4FC1610576000B80721 /* CoreGraphics.framework in Frameworks */ = {isa = PBXBuildFile; fileRef = FEA1D4FB1610576000B80721 /* CoreGraphics.framework */; };
		FEA1D5021610576000B80721 /* InfoPlist.strings in Resources */ = {isa = PBXBuildFile; fileRef = FEA1D5001610576000B80721 /* InfoPlist.strings */; };
		FEA1D5041610576000B80721 /* main.m in Sources */ = {isa = PBXBuildFile; fileRef = FEA1D5031610576000B80721 /* main.m */; };
		FEA1D5081610576000B80721 /* AppDelegate.m in Sources */ = {isa = PBXBuildFile; fileRef = FEA1D5071610576000B80721 /* AppDelegate.m */; };
		FEA1D50A1610576000B80721 /* Default.png in Resources */ = {isa = PBXBuildFile; fileRef = FEA1D5091610576000B80721 /* Default.png */; };
		FEA1D50C1610576000B80721 /* Default@2x.png in Resources */ = {isa = PBXBuildFile; fileRef = FEA1D50B1610576000B80721 /* Default@2x.png */; };
		FEA1D5111610576000B80721 /* iPhone.storyboard in Resources */ = {isa = PBXBuildFile; fileRef = FEA1D50F1610576000B80721 /* iPhone.storyboard */; };
		FEA1D5141610576000B80721 /* iPad.storyboard in Resources */ = {isa = PBXBuildFile; fileRef = FEA1D5121610576000B80721 /* iPad.storyboard */; };
		FED157BA161319C800D3E5ED /* EventKit.framework in Frameworks */ = {isa = PBXBuildFile; fileRef = FED157B9161319C800D3E5ED /* EventKit.framework */; };
		FED157BC161319F800D3E5ED /* libxml2.dylib in Frameworks */ = {isa = PBXBuildFile; fileRef = FED157BB161319F800D3E5ED /* libxml2.dylib */; };
		FED157C416131A0E00D3E5ED /* TFHpple.m in Sources */ = {isa = PBXBuildFile; fileRef = FED157BF16131A0E00D3E5ED /* TFHpple.m */; };
		FED157C516131A0E00D3E5ED /* TFHppleElement.m in Sources */ = {isa = PBXBuildFile; fileRef = FED157C116131A0E00D3E5ED /* TFHppleElement.m */; };
		FED157C616131A0E00D3E5ED /* XPathQuery.m in Sources */ = {isa = PBXBuildFile; fileRef = FED157C316131A0E00D3E5ED /* XPathQuery.m */; };
		FED157C916131A4400D3E5ED /* NSDate-Utilities.m in Sources */ = {isa = PBXBuildFile; fileRef = FED157C816131A4400D3E5ED /* NSDate-Utilities.m */; };
/* End PBXBuildFile section */

/* Begin PBXFileReference section */
		FE098FB3161442CD00A98F7B /* SelectGroupViewController.h */ = {isa = PBXFileReference; fileEncoding = 4; lastKnownFileType = sourcecode.c.h; name = SelectGroupViewController.h; path = SelectGroup/SelectGroupViewController.h; sourceTree = "<group>"; };
		FE098FB4161442CD00A98F7B /* SelectGroupViewController.m */ = {isa = PBXFileReference; fileEncoding = 4; lastKnownFileType = sourcecode.c.objc; name = SelectGroupViewController.m; path = SelectGroup/SelectGroupViewController.m; sourceTree = "<group>"; };
		FE098FB81614497700A98F7B /* BSWeek.h */ = {isa = PBXFileReference; fileEncoding = 4; lastKnownFileType = sourcecode.c.h; name = BSWeek.h; path = Entities/BSWeek.h; sourceTree = "<group>"; };
		FE098FB91614497700A98F7B /* BSWeek.m */ = {isa = PBXFileReference; fileEncoding = 4; lastKnownFileType = sourcecode.c.objc; name = BSWeek.m; path = Entities/BSWeek.m; sourceTree = "<group>"; };
		FE098FBC1614498F00A98F7B /* BSWeekDay.h */ = {isa = PBXFileReference; fileEncoding = 4; lastKnownFileType = sourcecode.c.h; name = BSWeekDay.h; path = Entities/BSWeekDay.h; sourceTree = "<group>"; };
		FE098FBD1614498F00A98F7B /* BSWeekDay.m */ = {isa = PBXFileReference; fileEncoding = 4; lastKnownFileType = sourcecode.c.objc; name = BSWeekDay.m; path = Entities/BSWeekDay.m; sourceTree = "<group>"; };
		FE098FBF161449BD00A98F7B /* BSSubject.h */ = {isa = PBXFileReference; fileEncoding = 4; lastKnownFileType = sourcecode.c.h; name = BSSubject.h; path = Entities/BSSubject.h; sourceTree = "<group>"; };
		FE098FC0161449BD00A98F7B /* BSSubject.m */ = {isa = PBXFileReference; fileEncoding = 4; lastKnownFileType = sourcecode.c.objc; name = BSSubject.m; path = Entities/BSSubject.m; sourceTree = "<group>"; };
		FE098FC216144F8700A98F7B /* BSModel.h */ = {isa = PBXFileReference; fileEncoding = 4; lastKnownFileType = sourcecode.c.h; name = BSModel.h; path = Entities/BSModel.h; sourceTree = "<group>"; };
		FE098FC316144F8700A98F7B /* BSModel.m */ = {isa = PBXFileReference; fileEncoding = 4; lastKnownFileType = sourcecode.c.objc; name = BSModel.m; path = Entities/BSModel.m; sourceTree = "<group>"; };
		FE161CA61614FCFD00D9D440 /* SelectCalendarViewController.h */ = {isa = PBXFileReference; fileEncoding = 4; lastKnownFileType = sourcecode.c.h; name = SelectCalendarViewController.h; path = "Select Calendar/SelectCalendarViewController.h"; sourceTree = "<group>"; };
		FE161CA71614FCFD00D9D440 /* SelectCalendarViewController.m */ = {isa = PBXFileReference; fileEncoding = 4; lastKnownFileType = sourcecode.c.objc; name = SelectCalendarViewController.m; path = "Select Calendar/SelectCalendarViewController.m"; sourceTree = "<group>"; };
		FE21A2021615E5E30059E4AC /* SelectCalendarCell.h */ = {isa = PBXFileReference; fileEncoding = 4; lastKnownFileType = sourcecode.c.h; name = SelectCalendarCell.h; path = "Select Calendar/SelectCalendarCell.h"; sourceTree = "<group>"; };
		FE21A2031615E5E30059E4AC /* SelectCalendarCell.m */ = {isa = PBXFileReference; fileEncoding = 4; lastKnownFileType = sourcecode.c.objc; name = SelectCalendarCell.m; path = "Select Calendar/SelectCalendarCell.m"; sourceTree = "<group>"; };
		FE43D4601616EB830018E931 /* MainScreenViewController.h */ = {isa = PBXFileReference; fileEncoding = 4; lastKnownFileType = sourcecode.c.h; name = MainScreenViewController.h; path = MainScreen/MainScreenViewController.h; sourceTree = "<group>"; };
		FE43D4611616EB830018E931 /* MainScreenViewController.m */ = {isa = PBXFileReference; fileEncoding = 4; lastKnownFileType = sourcecode.c.objc; name = MainScreenViewController.m; path = MainScreen/MainScreenViewController.m; sourceTree = "<group>"; };
		FE43D4A41616FEF20018E931 /* app_icon.png */ = {isa = PBXFileReference; lastKnownFileType = image.png; name = app_icon.png; path = ../app_icon.png; sourceTree = "<group>"; };
		FE43D4A61616FEF60018E931 /* app_icon@2x.png */ = {isa = PBXFileReference; lastKnownFileType = image.png; name = "app_icon@2x.png"; path = "../app_icon@2x.png"; sourceTree = "<group>"; };
		FEA1D4F31610576000B80721 /* BSUIR Schedule.app */ = {isa = PBXFileReference; explicitFileType = wrapper.application; includeInIndex = 0; path = "BSUIR Schedule.app"; sourceTree = BUILT_PRODUCTS_DIR; };
		FEA1D4F71610576000B80721 /* UIKit.framework */ = {isa = PBXFileReference; lastKnownFileType = wrapper.framework; name = UIKit.framework; path = System/Library/Frameworks/UIKit.framework; sourceTree = SDKROOT; };
		FEA1D4F91610576000B80721 /* Foundation.framework */ = {isa = PBXFileReference; lastKnownFileType = wrapper.framework; name = Foundation.framework; path = System/Library/Frameworks/Foundation.framework; sourceTree = SDKROOT; };
		FEA1D4FB1610576000B80721 /* CoreGraphics.framework */ = {isa = PBXFileReference; lastKnownFileType = wrapper.framework; name = CoreGraphics.framework; path = System/Library/Frameworks/CoreGraphics.framework; sourceTree = SDKROOT; };
		FEA1D4FF1610576000B80721 /* BSUIR Schedule-Info.plist */ = {isa = PBXFileReference; lastKnownFileType = text.plist.xml; path = "BSUIR Schedule-Info.plist"; sourceTree = "<group>"; };
		FEA1D5011610576000B80721 /* en */ = {isa = PBXFileReference; lastKnownFileType = text.plist.strings; name = en; path = en.lproj/InfoPlist.strings; sourceTree = "<group>"; };
		FEA1D5031610576000B80721 /* main.m */ = {isa = PBXFileReference; lastKnownFileType = sourcecode.c.objc; path = main.m; sourceTree = "<group>"; };
		FEA1D5051610576000B80721 /* BSUIR Schedule-Prefix.pch */ = {isa = PBXFileReference; lastKnownFileType = sourcecode.c.h; path = "BSUIR Schedule-Prefix.pch"; sourceTree = "<group>"; };
		FEA1D5061610576000B80721 /* AppDelegate.h */ = {isa = PBXFileReference; lastKnownFileType = sourcecode.c.h; path = AppDelegate.h; sourceTree = "<group>"; };
		FEA1D5071610576000B80721 /* AppDelegate.m */ = {isa = PBXFileReference; lastKnownFileType = sourcecode.c.objc; path = AppDelegate.m; sourceTree = "<group>"; };
		FEA1D5091610576000B80721 /* Default.png */ = {isa = PBXFileReference; lastKnownFileType = image.png; path = Default.png; sourceTree = "<group>"; };
		FEA1D50B1610576000B80721 /* Default@2x.png */ = {isa = PBXFileReference; lastKnownFileType = image.png; path = "Default@2x.png"; sourceTree = "<group>"; };
		FEA1D5101610576000B80721 /* en */ = {isa = PBXFileReference; lastKnownFileType = file.storyboard; name = en; path = en.lproj/iPhone.storyboard; sourceTree = "<group>"; };
		FEA1D5131610576000B80721 /* en */ = {isa = PBXFileReference; lastKnownFileType = file.storyboard; name = en; path = en.lproj/iPad.storyboard; sourceTree = "<group>"; };
		FED157B9161319C800D3E5ED /* EventKit.framework */ = {isa = PBXFileReference; lastKnownFileType = wrapper.framework; name = EventKit.framework; path = System/Library/Frameworks/EventKit.framework; sourceTree = SDKROOT; };
		FED157BB161319F800D3E5ED /* libxml2.dylib */ = {isa = PBXFileReference; lastKnownFileType = "compiled.mach-o.dylib"; name = libxml2.dylib; path = usr/lib/libxml2.dylib; sourceTree = SDKROOT; };
		FED157BE16131A0E00D3E5ED /* TFHpple.h */ = {isa = PBXFileReference; fileEncoding = 4; lastKnownFileType = sourcecode.c.h; path = TFHpple.h; sourceTree = "<group>"; };
		FED157BF16131A0E00D3E5ED /* TFHpple.m */ = {isa = PBXFileReference; fileEncoding = 4; lastKnownFileType = sourcecode.c.objc; path = TFHpple.m; sourceTree = "<group>"; };
		FED157C016131A0E00D3E5ED /* TFHppleElement.h */ = {isa = PBXFileReference; fileEncoding = 4; lastKnownFileType = sourcecode.c.h; path = TFHppleElement.h; sourceTree = "<group>"; };
		FED157C116131A0E00D3E5ED /* TFHppleElement.m */ = {isa = PBXFileReference; fileEncoding = 4; lastKnownFileType = sourcecode.c.objc; path = TFHppleElement.m; sourceTree = "<group>"; };
		FED157C216131A0E00D3E5ED /* XPathQuery.h */ = {isa = PBXFileReference; fileEncoding = 4; lastKnownFileType = sourcecode.c.h; path = XPathQuery.h; sourceTree = "<group>"; };
		FED157C316131A0E00D3E5ED /* XPathQuery.m */ = {isa = PBXFileReference; fileEncoding = 4; lastKnownFileType = sourcecode.c.objc; path = XPathQuery.m; sourceTree = "<group>"; };
		FED157C716131A4400D3E5ED /* NSDate-Utilities.h */ = {isa = PBXFileReference; fileEncoding = 4; lastKnownFileType = sourcecode.c.h; path = "NSDate-Utilities.h"; sourceTree = "<group>"; };
		FED157C816131A4400D3E5ED /* NSDate-Utilities.m */ = {isa = PBXFileReference; fileEncoding = 4; lastKnownFileType = sourcecode.c.objc; path = "NSDate-Utilities.m"; sourceTree = "<group>"; };
/* End PBXFileReference section */

/* Begin PBXFrameworksBuildPhase section */
		FEA1D4F01610576000B80721 /* Frameworks */ = {
			isa = PBXFrameworksBuildPhase;
			buildActionMask = 2147483647;
			files = (
				FED157BC161319F800D3E5ED /* libxml2.dylib in Frameworks */,
				FED157BA161319C800D3E5ED /* EventKit.framework in Frameworks */,
				FEA1D4F81610576000B80721 /* UIKit.framework in Frameworks */,
				FEA1D4FA1610576000B80721 /* Foundation.framework in Frameworks */,
				FEA1D4FC1610576000B80721 /* CoreGraphics.framework in Frameworks */,
			);
			runOnlyForDeploymentPostprocessing = 0;
		};
/* End PBXFrameworksBuildPhase section */

/* Begin PBXGroup section */
		FE098FB7161442D100A98F7B /* Select Group */ = {
			isa = PBXGroup;
			children = (
				FE098FB3161442CD00A98F7B /* SelectGroupViewController.h */,
				FE098FB4161442CD00A98F7B /* SelectGroupViewController.m */,
			);
			name = "Select Group";
			sourceTree = "<group>";
		};
		FE098FBB1614498000A98F7B /* Entities */ = {
			isa = PBXGroup;
			children = (
				FE098FB81614497700A98F7B /* BSWeek.h */,
				FE098FB91614497700A98F7B /* BSWeek.m */,
				FE098FBC1614498F00A98F7B /* BSWeekDay.h */,
				FE098FBD1614498F00A98F7B /* BSWeekDay.m */,
				FE098FBF161449BD00A98F7B /* BSSubject.h */,
				FE098FC0161449BD00A98F7B /* BSSubject.m */,
				FE098FC216144F8700A98F7B /* BSModel.h */,
				FE098FC316144F8700A98F7B /* BSModel.m */,
			);
			name = Entities;
			sourceTree = "<group>";
		};
		FE161CAA1614FE2A00D9D440 /* SelectCalendar */ = {
			isa = PBXGroup;
			children = (
				FE21A2021615E5E30059E4AC /* SelectCalendarCell.h */,
				FE21A2031615E5E30059E4AC /* SelectCalendarCell.m */,
				FE161CA61614FCFD00D9D440 /* SelectCalendarViewController.h */,
				FE161CA71614FCFD00D9D440 /* SelectCalendarViewController.m */,
			);
			name = SelectCalendar;
			sourceTree = "<group>";
		};
		FEA1D4E81610576000B80721 = {
			isa = PBXGroup;
			children = (
				FEA1D51D16105D8600B80721 /* Submodules */,
				FEA1D4FD1610576000B80721 /* BSUIR Schedule */,
				FEA1D4F61610576000B80721 /* Frameworks */,
				FEA1D4F41610576000B80721 /* Products */,
			);
			sourceTree = "<group>";
		};
		FEA1D4F41610576000B80721 /* Products */ = {
			isa = PBXGroup;
			children = (
				FEA1D4F31610576000B80721 /* BSUIR Schedule.app */,
			);
			name = Products;
			sourceTree = "<group>";
		};
		FEA1D4F61610576000B80721 /* Frameworks */ = {
			isa = PBXGroup;
			children = (
				FED157BB161319F800D3E5ED /* libxml2.dylib */,
				FED157B9161319C800D3E5ED /* EventKit.framework */,
				FEA1D4F71610576000B80721 /* UIKit.framework */,
				FEA1D4F91610576000B80721 /* Foundation.framework */,
				FEA1D4FB1610576000B80721 /* CoreGraphics.framework */,
			);
			name = Frameworks;
			sourceTree = "<group>";
		};
		FEA1D4FD1610576000B80721 /* BSUIR Schedule */ = {
			isa = PBXGroup;
			children = (
				FED157BD16131A0400D3E5ED /* XPath */,
				FE098FBB1614498000A98F7B /* Entities */,
				FED157C716131A4400D3E5ED /* NSDate-Utilities.h */,
				FED157C816131A4400D3E5ED /* NSDate-Utilities.m */,
				FEA1D5061610576000B80721 /* AppDelegate.h */,
				FEA1D5071610576000B80721 /* AppDelegate.m */,
				FEA1D50F1610576000B80721 /* iPhone.storyboard */,
				FE43D4601616EB830018E931 /* MainScreenViewController.h */,
				FE43D4611616EB830018E931 /* MainScreenViewController.m */,
				FEA1D5121610576000B80721 /* iPad.storyboard */,
				FE161CAA1614FE2A00D9D440 /* SelectCalendar */,
				FE098FB7161442D100A98F7B /* Select Group */,
				FEA1D4FE1610576000B80721 /* Supporting Files */,
			);
			path = "BSUIR Schedule";
			sourceTree = "<group>";
		};
		FEA1D4FE1610576000B80721 /* Supporting Files */ = {
			isa = PBXGroup;
			children = (
				FEA1D4FF1610576000B80721 /* BSUIR Schedule-Info.plist */,
				FEA1D5001610576000B80721 /* InfoPlist.strings */,
				FEA1D5031610576000B80721 /* main.m */,
				FEA1D5051610576000B80721 /* BSUIR Schedule-Prefix.pch */,
				FEA1D5091610576000B80721 /* Default.png */,
				FEA1D50B1610576000B80721 /* Default@2x.png */,
				FE43D4A61616FEF60018E931 /* app_icon@2x.png */,
				FE43D4A41616FEF20018E931 /* app_icon.png */,
			);
			name = "Supporting Files";
			sourceTree = "<group>";
		};
		FEA1D51D16105D8600B80721 /* Submodules */ = {
			isa = PBXGroup;
			children = (
			);
			name = Submodules;
			sourceTree = "<group>";
		};
		FED157BD16131A0400D3E5ED /* XPath */ = {
			isa = PBXGroup;
			children = (
				FED157BE16131A0E00D3E5ED /* TFHpple.h */,
				FED157BF16131A0E00D3E5ED /* TFHpple.m */,
				FED157C016131A0E00D3E5ED /* TFHppleElement.h */,
				FED157C116131A0E00D3E5ED /* TFHppleElement.m */,
				FED157C216131A0E00D3E5ED /* XPathQuery.h */,
				FED157C316131A0E00D3E5ED /* XPathQuery.m */,
			);
			name = XPath;
			sourceTree = "<group>";
		};
/* End PBXGroup section */

/* Begin PBXNativeTarget section */
		FEA1D4F21610576000B80721 /* BSUIR Schedule */ = {
			isa = PBXNativeTarget;
			buildConfigurationList = FEA1D51A1610576000B80721 /* Build configuration list for PBXNativeTarget "BSUIR Schedule" */;
			buildPhases = (
				FEA1D4EF1610576000B80721 /* Sources */,
				FEA1D4F01610576000B80721 /* Frameworks */,
				FEA1D4F11610576000B80721 /* Resources */,
			);
			buildRules = (
			);
			dependencies = (
			);
			name = "BSUIR Schedule";
			productName = "BSUIR Schedule";
			productReference = FEA1D4F31610576000B80721 /* BSUIR Schedule.app */;
			productType = "com.apple.product-type.application";
		};
/* End PBXNativeTarget section */

/* Begin PBXProject section */
		FEA1D4EA1610576000B80721 /* Project object */ = {
			isa = PBXProject;
			attributes = {
				LastUpgradeCheck = 0450;
				ORGANIZATIONNAME = "Roman Gardukevich";
			};
			buildConfigurationList = FEA1D4ED1610576000B80721 /* Build configuration list for PBXProject "BSUIR Schedule" */;
			compatibilityVersion = "Xcode 3.2";
			developmentRegion = English;
			hasScannedForEncodings = 0;
			knownRegions = (
				en,
			);
			mainGroup = FEA1D4E81610576000B80721;
			productRefGroup = FEA1D4F41610576000B80721 /* Products */;
			projectDirPath = "";
			projectRoot = "";
			targets = (
				FEA1D4F21610576000B80721 /* BSUIR Schedule */,
			);
		};
/* End PBXProject section */

/* Begin PBXResourcesBuildPhase section */
		FEA1D4F11610576000B80721 /* Resources */ = {
			isa = PBXResourcesBuildPhase;
			buildActionMask = 2147483647;
			files = (
				FEA1D5021610576000B80721 /* InfoPlist.strings in Resources */,
				FEA1D50A1610576000B80721 /* Default.png in Resources */,
				FEA1D50C1610576000B80721 /* Default@2x.png in Resources */,
				FEA1D5111610576000B80721 /* iPhone.storyboard in Resources */,
				FEA1D5141610576000B80721 /* iPad.storyboard in Resources */,
				FE43D4A51616FEF20018E931 /* app_icon.png in Resources */,
				FE43D4A71616FEF60018E931 /* app_icon@2x.png in Resources */,
			);
			runOnlyForDeploymentPostprocessing = 0;
		};
/* End PBXResourcesBuildPhase section */

/* Begin PBXSourcesBuildPhase section */
		FEA1D4EF1610576000B80721 /* Sources */ = {
			isa = PBXSourcesBuildPhase;
			buildActionMask = 2147483647;
			files = (
				FEA1D5041610576000B80721 /* main.m in Sources */,
				FEA1D5081610576000B80721 /* AppDelegate.m in Sources */,
				FED157C416131A0E00D3E5ED /* TFHpple.m in Sources */,
				FED157C516131A0E00D3E5ED /* TFHppleElement.m in Sources */,
				FED157C616131A0E00D3E5ED /* XPathQuery.m in Sources */,
				FED157C916131A4400D3E5ED /* NSDate-Utilities.m in Sources */,
				FE098FB5161442CD00A98F7B /* SelectGroupViewController.m in Sources */,
				FE098FBA1614497700A98F7B /* BSWeek.m in Sources */,
				FE098FBE1614498F00A98F7B /* BSWeekDay.m in Sources */,
				FE098FC1161449BD00A98F7B /* BSSubject.m in Sources */,
				FE098FC416144F8700A98F7B /* BSModel.m in Sources */,
				FE161CA81614FCFD00D9D440 /* SelectCalendarViewController.m in Sources */,
				FE21A2041615E5E30059E4AC /* SelectCalendarCell.m in Sources */,
				FE43D4621616EB830018E931 /* MainScreenViewController.m in Sources */,
			);
			runOnlyForDeploymentPostprocessing = 0;
		};
/* End PBXSourcesBuildPhase section */

/* Begin PBXVariantGroup section */
		FEA1D5001610576000B80721 /* InfoPlist.strings */ = {
			isa = PBXVariantGroup;
			children = (
				FEA1D5011610576000B80721 /* en */,
			);
			name = InfoPlist.strings;
			sourceTree = "<group>";
		};
		FEA1D50F1610576000B80721 /* iPhone.storyboard */ = {
			isa = PBXVariantGroup;
			children = (
				FEA1D5101610576000B80721 /* en */,
			);
			name = iPhone.storyboard;
			sourceTree = "<group>";
		};
		FEA1D5121610576000B80721 /* iPad.storyboard */ = {
			isa = PBXVariantGroup;
			children = (
				FEA1D5131610576000B80721 /* en */,
			);
			name = iPad.storyboard;
			sourceTree = "<group>";
		};
/* End PBXVariantGroup section */

/* Begin XCBuildConfiguration section */
		FE43D4941616F0500018E931 /* Debug (Econom) */ = {
			isa = XCBuildConfiguration;
			buildSettings = {
				ALWAYS_SEARCH_USER_PATHS = NO;
				CLANG_CXX_LANGUAGE_STANDARD = "gnu++0x";
				CLANG_CXX_LIBRARY = "libc++";
				CLANG_ENABLE_OBJC_ARC = YES;
				CLANG_WARN_EMPTY_BODY = YES;
				CLANG_WARN__DUPLICATE_METHOD_MATCH = YES;
				"CODE_SIGN_IDENTITY[sdk=iphoneos*]" = "iPhone Developer";
				COPY_PHASE_STRIP = NO;
				GCC_C_LANGUAGE_STANDARD = gnu99;
				GCC_DYNAMIC_NO_PIC = NO;
				GCC_OPTIMIZATION_LEVEL = 0;
				GCC_PREPROCESSOR_DEFINITIONS = (
					"DEBUG=1",
					"$(inherited)",
				);
				GCC_SYMBOLS_PRIVATE_EXTERN = NO;
				GCC_WARN_ABOUT_RETURN_TYPE = YES;
				GCC_WARN_UNINITIALIZED_AUTOS = YES;
				GCC_WARN_UNUSED_VARIABLE = YES;
				IPHONEOS_DEPLOYMENT_TARGET = 6.0;
				SDKROOT = iphoneos;
				TARGETED_DEVICE_FAMILY = "1,2";
			};
			name = "Debug (Econom)";
		};
		FE43D4951616F0500018E931 /* Debug (Econom) */ = {
			isa = XCBuildConfiguration;
			buildSettings = {
				GCC_PRECOMPILE_PREFIX_HEADER = YES;
				GCC_PREFIX_HEADER = "BSUIR Schedule/BSUIR Schedule-Prefix.pch";
				GCC_PREPROCESSOR_DEFINITIONS = (
					"$(inherited)",
					"ECONOMY_TRAFFIC=1",
				);
				HEADER_SEARCH_PATHS = "$(SDKROOT)/usr/include/libxml2/**";
				INFOPLIST_FILE = "BSUIR Schedule/BSUIR Schedule-Info.plist";
				IPHONEOS_DEPLOYMENT_TARGET = 5.0;
				OTHER_CFLAGS = "";
				PRODUCT_NAME = "$(TARGET_NAME)";
				WRAPPER_EXTENSION = app;
			};
			name = "Debug (Econom)";
		};
		FEA1D5181610576000B80721 /* Debug */ = {
			isa = XCBuildConfiguration;
			buildSettings = {
				ALWAYS_SEARCH_USER_PATHS = NO;
				CLANG_CXX_LANGUAGE_STANDARD = "gnu++0x";
				CLANG_CXX_LIBRARY = "libc++";
				CLANG_ENABLE_OBJC_ARC = YES;
				CLANG_WARN_EMPTY_BODY = YES;
				CLANG_WARN__DUPLICATE_METHOD_MATCH = YES;
				"CODE_SIGN_IDENTITY[sdk=iphoneos*]" = "iPhone Developer";
				COPY_PHASE_STRIP = NO;
				GCC_C_LANGUAGE_STANDARD = gnu99;
				GCC_DYNAMIC_NO_PIC = NO;
				GCC_OPTIMIZATION_LEVEL = 0;
				GCC_PREPROCESSOR_DEFINITIONS = (
					"DEBUG=1",
					"$(inherited)",
				);
				GCC_SYMBOLS_PRIVATE_EXTERN = NO;
				GCC_WARN_ABOUT_RETURN_TYPE = YES;
				GCC_WARN_UNINITIALIZED_AUTOS = YES;
				GCC_WARN_UNUSED_VARIABLE = YES;
				IPHONEOS_DEPLOYMENT_TARGET = 6.0;
				SDKROOT = iphoneos;
				TARGETED_DEVICE_FAMILY = "1,2";
			};
			name = Debug;
		};
		FEA1D5191610576000B80721 /* Release */ = {
			isa = XCBuildConfiguration;
			buildSettings = {
				ALWAYS_SEARCH_USER_PATHS = NO;
				CLANG_CXX_LANGUAGE_STANDARD = "gnu++0x";
				CLANG_CXX_LIBRARY = "libc++";
				CLANG_ENABLE_OBJC_ARC = YES;
				CLANG_WARN_EMPTY_BODY = YES;
				CLANG_WARN__DUPLICATE_METHOD_MATCH = YES;
				"CODE_SIGN_IDENTITY[sdk=iphoneos*]" = "iPhone Developer";
				COPY_PHASE_STRIP = YES;
				GCC_C_LANGUAGE_STANDARD = gnu99;
				GCC_WARN_ABOUT_RETURN_TYPE = YES;
				GCC_WARN_UNINITIALIZED_AUTOS = YES;
				GCC_WARN_UNUSED_VARIABLE = YES;
				IPHONEOS_DEPLOYMENT_TARGET = 6.0;
				OTHER_CFLAGS = "-DNS_BLOCK_ASSERTIONS=1";
				SDKROOT = iphoneos;
				TARGETED_DEVICE_FAMILY = "1,2";
				VALIDATE_PRODUCT = YES;
			};
			name = Release;
		};
		FEA1D51B1610576000B80721 /* Debug */ = {
			isa = XCBuildConfiguration;
			buildSettings = {
				GCC_PRECOMPILE_PREFIX_HEADER = YES;
				GCC_PREFIX_HEADER = "BSUIR Schedule/BSUIR Schedule-Prefix.pch";
				HEADER_SEARCH_PATHS = "$(SDKROOT)/usr/include/libxml2/**";
				INFOPLIST_FILE = "BSUIR Schedule/BSUIR Schedule-Info.plist";
				IPHONEOS_DEPLOYMENT_TARGET = 5.0;
				PRODUCT_NAME = "$(TARGET_NAME)";
				WRAPPER_EXTENSION = app;
			};
			name = Debug;
		};
		FEA1D51C1610576000B80721 /* Release */ = {
			isa = XCBuildConfiguration;
			buildSettings = {
				GCC_PRECOMPILE_PREFIX_HEADER = YES;
				GCC_PREFIX_HEADER = "BSUIR Schedule/BSUIR Schedule-Prefix.pch";
				HEADER_SEARCH_PATHS = "$(SDKROOT)/usr/include/libxml2/**";
				INFOPLIST_FILE = "BSUIR Schedule/BSUIR Schedule-Info.plist";
				IPHONEOS_DEPLOYMENT_TARGET = 5.0;
				PRODUCT_NAME = "$(TARGET_NAME)";
				WRAPPER_EXTENSION = app;
			};
			name = Release;
		};
/* End XCBuildConfiguration section */

/* Begin XCConfigurationList section */
		FEA1D4ED1610576000B80721 /* Build configuration list for PBXProject "BSUIR Schedule" */ = {
			isa = XCConfigurationList;
			buildConfigurations = (
				FEA1D5181610576000B80721 /* Debug */,
				FE43D4941616F0500018E931 /* Debug (Econom) */,
				FEA1D5191610576000B80721 /* Release */,
			);
			defaultConfigurationIsVisible = 0;
			defaultConfigurationName = Release;
		};
		FEA1D51A1610576000B80721 /* Build configuration list for PBXNativeTarget "BSUIR Schedule" */ = {
			isa = XCConfigurationList;
			buildConfigurations = (
				FEA1D51B1610576000B80721 /* Debug */,
				FE43D4951616F0500018E931 /* Debug (Econom) */,
				FEA1D51C1610576000B80721 /* Release */,
			);
			defaultConfigurationIsVisible = 0;
			defaultConfigurationName = Release;
		};
/* End XCConfigurationList section */
	};
	rootObject = FEA1D4EA1610576000B80721 /* Project object */;
}
